// !$*UTF8*$!
{
	archiveVersion = 1;
	classes = {
	};
	objectVersion = 46;
	objects = {

/* Begin PBXBuildFile section */
		33DED3A1B311067383F7A099 /* Pods_XCRefresh.framework in Frameworks */ = {isa = PBXBuildFile; fileRef = 5F904180C81864E351866920 /* Pods_XCRefresh.framework */; };
		F24BC8051F7205C800EEA2D8 /* AppDelegate.swift in Sources */ = {isa = PBXBuildFile; fileRef = F24BC8041F7205C800EEA2D8 /* AppDelegate.swift */; };
		F24BC8071F7205C800EEA2D8 /* ViewController.swift in Sources */ = {isa = PBXBuildFile; fileRef = F24BC8061F7205C800EEA2D8 /* ViewController.swift */; };
		F24BC8091F7205C800EEA2D8 /* Assets.xcassets in Resources */ = {isa = PBXBuildFile; fileRef = F24BC8081F7205C800EEA2D8 /* Assets.xcassets */; };
		F24BC80C1F7205C800EEA2D8 /* Main.storyboard in Resources */ = {isa = PBXBuildFile; fileRef = F24BC80A1F7205C800EEA2D8 /* Main.storyboard */; };
		F24BC8141F72064100EEA2D8 /* XCRefresh.swift in Sources */ = {isa = PBXBuildFile; fileRef = F24BC8131F72064100EEA2D8 /* XCRefresh.swift */; };
/* End PBXBuildFile section */

/* Begin PBXFileReference section */
		2B847D303785317E1BABB21E /* Pods-XCRefresh.release.xcconfig */ = {isa = PBXFileReference; includeInIndex = 1; lastKnownFileType = text.xcconfig; name = "Pods-XCRefresh.release.xcconfig"; path = "Pods/Target Support Files/Pods-XCRefresh/Pods-XCRefresh.release.xcconfig"; sourceTree = "<group>"; };
		5F904180C81864E351866920 /* Pods_XCRefresh.framework */ = {isa = PBXFileReference; explicitFileType = wrapper.framework; includeInIndex = 0; path = Pods_XCRefresh.framework; sourceTree = BUILT_PRODUCTS_DIR; };
		F24BC8011F7205C800EEA2D8 /* XCRefresh.app */ = {isa = PBXFileReference; explicitFileType = wrapper.application; includeInIndex = 0; path = XCRefresh.app; sourceTree = BUILT_PRODUCTS_DIR; };
		F24BC8041F7205C800EEA2D8 /* AppDelegate.swift */ = {isa = PBXFileReference; lastKnownFileType = sourcecode.swift; path = AppDelegate.swift; sourceTree = "<group>"; };
		F24BC8061F7205C800EEA2D8 /* ViewController.swift */ = {isa = PBXFileReference; lastKnownFileType = sourcecode.swift; path = ViewController.swift; sourceTree = "<group>"; };
		F24BC8081F7205C800EEA2D8 /* Assets.xcassets */ = {isa = PBXFileReference; lastKnownFileType = folder.assetcatalog; path = Assets.xcassets; sourceTree = "<group>"; };
		F24BC80B1F7205C800EEA2D8 /* Base */ = {isa = PBXFileReference; lastKnownFileType = file.storyboard; name = Base; path = Base.lproj/Main.storyboard; sourceTree = "<group>"; };
		F24BC80D1F7205C800EEA2D8 /* Info.plist */ = {isa = PBXFileReference; lastKnownFileType = text.plist.xml; path = Info.plist; sourceTree = "<group>"; };
		F24BC8131F72064100EEA2D8 /* XCRefresh.swift */ = {isa = PBXFileReference; fileEncoding = 4; lastKnownFileType = sourcecode.swift; path = XCRefresh.swift; sourceTree = "<group>"; };
		F5A4E9A7837DC1296FB79278 /* Pods-XCRefresh.debug.xcconfig */ = {isa = PBXFileReference; includeInIndex = 1; lastKnownFileType = text.xcconfig; name = "Pods-XCRefresh.debug.xcconfig"; path = "Pods/Target Support Files/Pods-XCRefresh/Pods-XCRefresh.debug.xcconfig"; sourceTree = "<group>"; };
/* End PBXFileReference section */

/* Begin PBXFrameworksBuildPhase section */
		F24BC7FE1F7205C800EEA2D8 /* Frameworks */ = {
			isa = PBXFrameworksBuildPhase;
			buildActionMask = 2147483647;
			files = (
				33DED3A1B311067383F7A099 /* Pods_XCRefresh.framework in Frameworks */,
			);
			runOnlyForDeploymentPostprocessing = 0;
		};
/* End PBXFrameworksBuildPhase section */

/* Begin PBXGroup section */
		08DFF80F851E02C758FEC215 /* Pods */ = {
			isa = PBXGroup;
			children = (
				F5A4E9A7837DC1296FB79278 /* Pods-XCRefresh.debug.xcconfig */,
				2B847D303785317E1BABB21E /* Pods-XCRefresh.release.xcconfig */,
			);
			name = Pods;
			sourceTree = "<group>";
		};
		F13C0F77285279EB1788EA1A /* Frameworks */ = {
			isa = PBXGroup;
			children = (
				5F904180C81864E351866920 /* Pods_XCRefresh.framework */,
			);
			name = Frameworks;
			sourceTree = "<group>";
		};
		F24BC7F81F7205C800EEA2D8 = {
			isa = PBXGroup;
			children = (
				F24BC8031F7205C800EEA2D8 /* XCRefresh */,
				F24BC8021F7205C800EEA2D8 /* Products */,
				08DFF80F851E02C758FEC215 /* Pods */,
				F13C0F77285279EB1788EA1A /* Frameworks */,
			);
			sourceTree = "<group>";
		};
		F24BC8021F7205C800EEA2D8 /* Products */ = {
			isa = PBXGroup;
			children = (
				F24BC8011F7205C800EEA2D8 /* XCRefresh.app */,
			);
			name = Products;
			sourceTree = "<group>";
		};
		F24BC8031F7205C800EEA2D8 /* XCRefresh */ = {
			isa = PBXGroup;
			children = (
				F24BC8041F7205C800EEA2D8 /* AppDelegate.swift */,
				F24BC8061F7205C800EEA2D8 /* ViewController.swift */,
				F24BC8131F72064100EEA2D8 /* XCRefresh.swift */,
				F24BC8081F7205C800EEA2D8 /* Assets.xcassets */,
				F24BC80A1F7205C800EEA2D8 /* Main.storyboard */,
				F24BC80D1F7205C800EEA2D8 /* Info.plist */,
			);
			path = XCRefresh;
			sourceTree = "<group>";
		};
/* End PBXGroup section */

/* Begin PBXNativeTarget section */
		F24BC8001F7205C800EEA2D8 /* XCRefresh */ = {
			isa = PBXNativeTarget;
			buildConfigurationList = F24BC8101F7205C800EEA2D8 /* Build configuration list for PBXNativeTarget "XCRefresh" */;
			buildPhases = (
				E27260E0F3E45D7849D3BA9E /* [CP] Check Pods Manifest.lock */,
				F24BC7FD1F7205C800EEA2D8 /* Sources */,
				F24BC7FE1F7205C800EEA2D8 /* Frameworks */,
				F24BC7FF1F7205C800EEA2D8 /* Resources */,
				ED3AE1057F20274D460C1C33 /* [CP] Embed Pods Frameworks */,
				4E3E44C95F970546E8AF8DB5 /* [CP] Copy Pods Resources */,
			);
			buildRules = (
			);
			dependencies = (
			);
			name = XCRefresh;
			productName = XCRefresh;
			productReference = F24BC8011F7205C800EEA2D8 /* XCRefresh.app */;
			productType = "com.apple.product-type.application";
		};
/* End PBXNativeTarget section */

/* Begin PBXProject section */
		F24BC7F91F7205C800EEA2D8 /* Project object */ = {
			isa = PBXProject;
			attributes = {
				LastSwiftUpdateCheck = 0830;
				LastUpgradeCheck = 0830;
				ORGANIZATIONNAME = "alexiuce ";
				TargetAttributes = {
					F24BC8001F7205C800EEA2D8 = {
						CreatedOnToolsVersion = 8.3.3;
						ProvisioningStyle = Automatic;
					};
				};
			};
			buildConfigurationList = F24BC7FC1F7205C800EEA2D8 /* Build configuration list for PBXProject "XCRefresh" */;
			compatibilityVersion = "Xcode 3.2";
			developmentRegion = English;
			hasScannedForEncodings = 0;
			knownRegions = (
				en,
				Base,
			);
			mainGroup = F24BC7F81F7205C800EEA2D8;
			productRefGroup = F24BC8021F7205C800EEA2D8 /* Products */;
			projectDirPath = "";
			projectRoot = "";
			targets = (
				F24BC8001F7205C800EEA2D8 /* XCRefresh */,
			);
		};
/* End PBXProject section */

/* Begin PBXResourcesBuildPhase section */
		F24BC7FF1F7205C800EEA2D8 /* Resources */ = {
			isa = PBXResourcesBuildPhase;
			buildActionMask = 2147483647;
			files = (
				F24BC8091F7205C800EEA2D8 /* Assets.xcassets in Resources */,
				F24BC80C1F7205C800EEA2D8 /* Main.storyboard in Resources */,
			);
			runOnlyForDeploymentPostprocessing = 0;
		};
/* End PBXResourcesBuildPhase section */

/* Begin PBXShellScriptBuildPhase section */
		4E3E44C95F970546E8AF8DB5 /* [CP] Copy Pods Resources */ = {
			isa = PBXShellScriptBuildPhase;
			buildActionMask = 2147483647;
			files = (
			);
			inputPaths = (
			);
			name = "[CP] Copy Pods Resources";
			outputPaths = (
			);
			runOnlyForDeploymentPostprocessing = 0;
			shellPath = /bin/sh;
			shellScript = "\"${SRCROOT}/Pods/Target Support Files/Pods-XCRefresh/Pods-XCRefresh-resources.sh\"\n";
			showEnvVarsInLog = 0;
		};
		E27260E0F3E45D7849D3BA9E /* [CP] Check Pods Manifest.lock */ = {
			isa = PBXShellScriptBuildPhase;
			buildActionMask = 2147483647;
			files = (
			);
			inputPaths = (
			);
			name = "[CP] Check Pods Manifest.lock";
			outputPaths = (
			);
			runOnlyForDeploymentPostprocessing = 0;
			shellPath = /bin/sh;
			shellScript = "diff \"${PODS_PODFILE_DIR_PATH}/Podfile.lock\" \"${PODS_ROOT}/Manifest.lock\" > /dev/null\nif [ $? != 0 ] ; then\n    # print error to STDERR\n    echo \"error: The sandbox is not in sync with the Podfile.lock. Run 'pod install' or update your CocoaPods installation.\" >&2\n    exit 1\nfi\n";
			showEnvVarsInLog = 0;
		};
		ED3AE1057F20274D460C1C33 /* [CP] Embed Pods Frameworks */ = {
			isa = PBXShellScriptBuildPhase;
			buildActionMask = 2147483647;
			files = (
			);
			inputPaths = (
			);
			name = "[CP] Embed Pods Frameworks";
			outputPaths = (
			);
			runOnlyForDeploymentPostprocessing = 0;
			shellPath = /bin/sh;
			shellScript = "\"${SRCROOT}/Pods/Target Support Files/Pods-XCRefresh/Pods-XCRefresh-frameworks.sh\"\n";
			showEnvVarsInLog = 0;
		};
/* End PBXShellScriptBuildPhase section */

/* Begin PBXSourcesBuildPhase section */
		F24BC7FD1F7205C800EEA2D8 /* Sources */ = {
			isa = PBXSourcesBuildPhase;
			buildActionMask = 2147483647;
			files = (
				F24BC8071F7205C800EEA2D8 /* ViewController.swift in Sources */,
				F24BC8051F7205C800EEA2D8 /* AppDelegate.swift in Sources */,
				F24BC8141F72064100EEA2D8 /* XCRefresh.swift in Sources */,
			);
			runOnlyForDeploymentPostprocessing = 0;
		};
/* End PBXSourcesBuildPhase section */

/* Begin PBXVariantGroup section */
		F24BC80A1F7205C800EEA2D8 /* Main.storyboard */ = {
			isa = PBXVariantGroup;
			children = (
				F24BC80B1F7205C800EEA2D8 /* Base */,
			);
			name = Main.storyboard;
			sourceTree = "<group>";
		};
/* End PBXVariantGroup section */

/* Begin XCBuildConfiguration section */
		F24BC80E1F7205C800EEA2D8 /* Debug */ = {
			isa = XCBuildConfiguration;
			buildSettings = {
				ALWAYS_SEARCH_USER_PATHS = NO;
				CLANG_ANALYZER_NONNULL = YES;
				CLANG_ANALYZER_NUMBER_OBJECT_CONVERSION = YES_AGGRESSIVE;
				CLANG_CXX_LANGUAGE_STANDARD = "gnu++0x";
				CLANG_CXX_LIBRARY = "libc++";
				CLANG_ENABLE_MODULES = YES;
				CLANG_ENABLE_OBJC_ARC = YES;
				CLANG_WARN_BOOL_CONVERSION = YES;
				CLANG_WARN_CONSTANT_CONVERSION = YES;
				CLANG_WARN_DIRECT_OBJC_ISA_USAGE = YES_ERROR;
				CLANG_WARN_DOCUMENTATION_COMMENTS = YES;
				CLANG_WARN_EMPTY_BODY = YES;
				CLANG_WARN_ENUM_CONVERSION = YES;
				CLANG_WARN_INFINITE_RECURSION = YES;
				CLANG_WARN_INT_CONVERSION = YES;
				CLANG_WARN_OBJC_ROOT_CLASS = YES_ERROR;
				CLANG_WARN_SUSPICIOUS_MOVE = YES;
				CLANG_WARN_UNREACHABLE_CODE = YES;
				CLANG_WARN__DUPLICATE_METHOD_MATCH = YES;
				CODE_SIGN_IDENTITY = "-";
				COPY_PHASE_STRIP = NO;
				DEBUG_INFORMATION_FORMAT = dwarf;
				ENABLE_STRICT_OBJC_MSGSEND = YES;
				ENABLE_TESTABILITY = YES;
				GCC_C_LANGUAGE_STANDARD = gnu99;
				GCC_DYNAMIC_NO_PIC = NO;
				GCC_NO_COMMON_BLOCKS = YES;
				GCC_OPTIMIZATION_LEVEL = 0;
				GCC_PREPROCESSOR_DEFINITIONS = (
					"DEBUG=1",
					"$(inherited)",
				);
				GCC_WARN_64_TO_32_BIT_CONVERSION = YES;
				GCC_WARN_ABOUT_RETURN_TYPE = YES_ERROR;
				GCC_WARN_UNDECLARED_SELECTOR = YES;
				GCC_WARN_UNINITIALIZED_AUTOS = YES_AGGRESSIVE;
				GCC_WARN_UNUSED_FUNCTION = YES;
				GCC_WARN_UNUSED_VARIABLE = YES;
				MACOSX_DEPLOYMENT_TARGET = 10.12;
				MTL_ENABLE_DEBUG_INFO = YES;
				ONLY_ACTIVE_ARCH = YES;
				SDKROOT = macosx;
				SWIFT_ACTIVE_COMPILATION_CONDITIONS = DEBUG;
				SWIFT_OPTIMIZATION_LEVEL = "-Onone";
			};
			name = Debug;
		};
		F24BC80F1F7205C800EEA2D8 /* Release */ = {
			isa = XCBuildConfiguration;
			buildSettings = {
				ALWAYS_SEARCH_USER_PATHS = NO;
				CLANG_ANALYZER_NONNULL = YES;
				CLANG_ANALYZER_NUMBER_OBJECT_CONVERSION = YES_AGGRESSIVE;
				CLANG_CXX_LANGUAGE_STANDARD = "gnu++0x";
				CLANG_CXX_LIBRARY = "libc++";
				CLANG_ENABLE_MODULES = YES;
				CLANG_ENABLE_OBJC_ARC = YES;
				CLANG_WARN_BOOL_CONVERSION = YES;
				CLANG_WARN_CONSTANT_CONVERSION = YES;
				CLANG_WARN_DIRECT_OBJC_ISA_USAGE = YES_ERROR;
				CLANG_WARN_DOCUMENTATION_COMMENTS = YES;
				CLANG_WARN_EMPTY_BODY = YES;
				CLANG_WARN_ENUM_CONVERSION = YES;
				CLANG_WARN_INFINITE_RECURSION = YES;
				CLANG_WARN_INT_CONVERSION = YES;
				CLANG_WARN_OBJC_ROOT_CLASS = YES_ERROR;
				CLANG_WARN_SUSPICIOUS_MOVE = YES;
				CLANG_WARN_UNREACHABLE_CODE = YES;
				CLANG_WARN__DUPLICATE_METHOD_MATCH = YES;
				CODE_SIGN_IDENTITY = "-";
				COPY_PHASE_STRIP = NO;
				DEBUG_INFORMATION_FORMAT = "dwarf-with-dsym";
				ENABLE_NS_ASSERTIONS = NO;
				ENABLE_STRICT_OBJC_MSGSEND = YES;
				GCC_C_LANGUAGE_STANDARD = gnu99;
				GCC_NO_COMMON_BLOCKS = YES;
				GCC_WARN_64_TO_32_BIT_CONVERSION = YES;
				GCC_WARN_ABOUT_RETURN_TYPE = YES_ERROR;
				GCC_WARN_UNDECLARED_SELECTOR = YES;
				GCC_WARN_UNINITIALIZED_AUTOS = YES_AGGRESSIVE;
				GCC_WARN_UNUSED_FUNCTION = YES;
				GCC_WARN_UNUSED_VARIABLE = YES;
				MACOSX_DEPLOYMENT_TARGET = 10.12;
				MTL_ENABLE_DEBUG_INFO = NO;
				SDKROOT = macosx;
				SWIFT_OPTIMIZATION_LEVEL = "-Owholemodule";
			};
			name = Release;
		};
		F24BC8111F7205C800EEA2D8 /* Debug */ = {
			isa = XCBuildConfiguration;
			baseConfigurationReference = F5A4E9A7837DC1296FB79278 /* Pods-XCRefresh.debug.xcconfig */;
			buildSettings = {
				ASSETCATALOG_COMPILER_APPICON_NAME = AppIcon;
				COMBINE_HIDPI_IMAGES = YES;
				INFOPLIST_FILE = XCRefresh/Info.plist;
				LD_RUNPATH_SEARCH_PATHS = "$(inherited) @executable_path/../Frameworks";
				PRODUCT_BUNDLE_IDENTIFIER = io.github.alexiuce.XCRefresh;
				PRODUCT_NAME = "$(TARGET_NAME)";
				SWIFT_VERSION = 3.0;
			};
			name = Debug;
		};
		F24BC8121F7205C800EEA2D8 /* Release */ = {
			isa = XCBuildConfiguration;
			baseConfigurationReference = 2B847D303785317E1BABB21E /* Pods-XCRefresh.release.xcconfig */;
			buildSettings = {
				ASSETCATALOG_COMPILER_APPICON_NAME = AppIcon;
				COMBINE_HIDPI_IMAGES = YES;
				INFOPLIST_FILE = XCRefresh/Info.plist;
				LD_RUNPATH_SEARCH_PATHS = "$(inherited) @executable_path/../Frameworks";
				PRODUCT_BUNDLE_IDENTIFIER = io.github.alexiuce.XCRefresh;
				PRODUCT_NAME = "$(TARGET_NAME)";
				SWIFT_VERSION = 3.0;
			};
			name = Release;
		};
/* End XCBuildConfiguration section */

/* Begin XCConfigurationList section */
		F24BC7FC1F7205C800EEA2D8 /* Build configuration list for PBXProject "XCRefresh" */ = {
			isa = XCConfigurationList;
			buildConfigurations = (
				F24BC80E1F7205C800EEA2D8 /* Debug */,
				F24BC80F1F7205C800EEA2D8 /* Release */,
			);
			defaultConfigurationIsVisible = 0;
			defaultConfigurationName = Release;
		};
		F24BC8101F7205C800EEA2D8 /* Build configuration list for PBXNativeTarget "XCRefresh" */ = {
			isa = XCConfigurationList;
			buildConfigurations = (
				F24BC8111F7205C800EEA2D8 /* Debug */,
				F24BC8121F7205C800EEA2D8 /* Release */,
			);
			defaultConfigurationIsVisible = 0;
		};
/* End XCConfigurationList section */
	};
	rootObject = F24BC7F91F7205C800EEA2D8 /* Project object */;
}
