// !$*UTF8*$!
{
	archiveVersion = 1;
	classes = {
	};
	objectVersion = 46;
	objects = {

/* Begin PBXBuildFile section */
		F231A6C71F26CF6F0079DDE2 /* AppDelegate.swift in Sources */ = {isa = PBXBuildFile; fileRef = F231A6C61F26CF6F0079DDE2 /* AppDelegate.swift */; };
		F231A6C91F26CF6F0079DDE2 /* ViewController.swift in Sources */ = {isa = PBXBuildFile; fileRef = F231A6C81F26CF6F0079DDE2 /* ViewController.swift */; };
		F231A6CB1F26CF700079DDE2 /* Assets.xcassets in Resources */ = {isa = PBXBuildFile; fileRef = F231A6CA1F26CF700079DDE2 /* Assets.xcassets */; };
		F231A6CE1F26CF700079DDE2 /* Main.storyboard in Resources */ = {isa = PBXBuildFile; fileRef = F231A6CC1F26CF700079DDE2 /* Main.storyboard */; };
/* End PBXBuildFile section */

/* Begin PBXFileReference section */
		F231A6C31F26CF6F0079DDE2 /* TimeAnywhere.app */ = {isa = PBXFileReference; explicitFileType = wrapper.application; includeInIndex = 0; path = TimeAnywhere.app; sourceTree = BUILT_PRODUCTS_DIR; };
		F231A6C61F26CF6F0079DDE2 /* AppDelegate.swift */ = {isa = PBXFileReference; lastKnownFileType = sourcecode.swift; path = AppDelegate.swift; sourceTree = "<group>"; };
		F231A6C81F26CF6F0079DDE2 /* ViewController.swift */ = {isa = PBXFileReference; lastKnownFileType = sourcecode.swift; path = ViewController.swift; sourceTree = "<group>"; };
		F231A6CA1F26CF700079DDE2 /* Assets.xcassets */ = {isa = PBXFileReference; lastKnownFileType = folder.assetcatalog; path = Assets.xcassets; sourceTree = "<group>"; };
		F231A6CD1F26CF700079DDE2 /* Base */ = {isa = PBXFileReference; lastKnownFileType = file.storyboard; name = Base; path = Base.lproj/Main.storyboard; sourceTree = "<group>"; };
		F231A6CF1F26CF700079DDE2 /* Info.plist */ = {isa = PBXFileReference; lastKnownFileType = text.plist.xml; path = Info.plist; sourceTree = "<group>"; };
/* End PBXFileReference section */

/* Begin PBXFrameworksBuildPhase section */
		F231A6C01F26CF6F0079DDE2 /* Frameworks */ = {
			isa = PBXFrameworksBuildPhase;
			buildActionMask = 2147483647;
			files = (
			);
			runOnlyForDeploymentPostprocessing = 0;
		};
/* End PBXFrameworksBuildPhase section */

/* Begin PBXGroup section */
		F231A6BA1F26CF6F0079DDE2 = {
			isa = PBXGroup;
			children = (
				F231A6C51F26CF6F0079DDE2 /* TimeAnywhere */,
				F231A6C41F26CF6F0079DDE2 /* Products */,
			);
			sourceTree = "<group>";
		};
		F231A6C41F26CF6F0079DDE2 /* Products */ = {
			isa = PBXGroup;
			children = (
				F231A6C31F26CF6F0079DDE2 /* TimeAnywhere.app */,
			);
			name = Products;
			sourceTree = "<group>";
		};
		F231A6C51F26CF6F0079DDE2 /* TimeAnywhere */ = {
			isa = PBXGroup;
			children = (
				F231A6C61F26CF6F0079DDE2 /* AppDelegate.swift */,
				F231A6C81F26CF6F0079DDE2 /* ViewController.swift */,
				F231A6CA1F26CF700079DDE2 /* Assets.xcassets */,
				F231A6CC1F26CF700079DDE2 /* Main.storyboard */,
				F231A6CF1F26CF700079DDE2 /* Info.plist */,
			);
			path = TimeAnywhere;
			sourceTree = "<group>";
		};
/* End PBXGroup section */

/* Begin PBXNativeTarget section */
		F231A6C21F26CF6F0079DDE2 /* TimeAnywhere */ = {
			isa = PBXNativeTarget;
			buildConfigurationList = F231A6D21F26CF700079DDE2 /* Build configuration list for PBXNativeTarget "TimeAnywhere" */;
			buildPhases = (
				F231A6BF1F26CF6F0079DDE2 /* Sources */,
				F231A6C01F26CF6F0079DDE2 /* Frameworks */,
				F231A6C11F26CF6F0079DDE2 /* Resources */,
			);
			buildRules = (
			);
			dependencies = (
			);
			name = TimeAnywhere;
			productName = TimeAnywhere;
			productReference = F231A6C31F26CF6F0079DDE2 /* TimeAnywhere.app */;
			productType = "com.apple.product-type.application";
		};
/* End PBXNativeTarget section */

/* Begin PBXProject section */
		F231A6BB1F26CF6F0079DDE2 /* Project object */ = {
			isa = PBXProject;
			attributes = {
				LastSwiftUpdateCheck = 0830;
				LastUpgradeCheck = 0830;
				ORGANIZATIONNAME = "alexiuce ";
				TargetAttributes = {
					F231A6C21F26CF6F0079DDE2 = {
						CreatedOnToolsVersion = 8.3.3;
						ProvisioningStyle = Automatic;
					};
				};
			};
			buildConfigurationList = F231A6BE1F26CF6F0079DDE2 /* Build configuration list for PBXProject "TimeAnywhere" */;
			compatibilityVersion = "Xcode 3.2";
			developmentRegion = English;
			hasScannedForEncodings = 0;
			knownRegions = (
				en,
				Base,
			);
			mainGroup = F231A6BA1F26CF6F0079DDE2;
			productRefGroup = F231A6C41F26CF6F0079DDE2 /* Products */;
			projectDirPath = "";
			projectRoot = "";
			targets = (
				F231A6C21F26CF6F0079DDE2 /* TimeAnywhere */,
			);
		};
/* End PBXProject section */

/* Begin PBXResourcesBuildPhase section */
		F231A6C11F26CF6F0079DDE2 /* Resources */ = {
			isa = PBXResourcesBuildPhase;
			buildActionMask = 2147483647;
			files = (
				F231A6CB1F26CF700079DDE2 /* Assets.xcassets in Resources */,
				F231A6CE1F26CF700079DDE2 /* Main.storyboard in Resources */,
			);
			runOnlyForDeploymentPostprocessing = 0;
		};
/* End PBXResourcesBuildPhase section */

/* Begin PBXSourcesBuildPhase section */
		F231A6BF1F26CF6F0079DDE2 /* Sources */ = {
			isa = PBXSourcesBuildPhase;
			buildActionMask = 2147483647;
			files = (
				F231A6C91F26CF6F0079DDE2 /* ViewController.swift in Sources */,
				F231A6C71F26CF6F0079DDE2 /* AppDelegate.swift in Sources */,
			);
			runOnlyForDeploymentPostprocessing = 0;
		};
/* End PBXSourcesBuildPhase section */

/* Begin PBXVariantGroup section */
		F231A6CC1F26CF700079DDE2 /* Main.storyboard */ = {
			isa = PBXVariantGroup;
			children = (
				F231A6CD1F26CF700079DDE2 /* Base */,
			);
			name = Main.storyboard;
			sourceTree = "<group>";
		};
/* End PBXVariantGroup section */

/* Begin XCBuildConfiguration section */
		F231A6D01F26CF700079DDE2 /* Debug */ = {
			isa = XCBuildConfiguration;
			buildSettings = {
				ALWAYS_SEARCH_USER_PATHS = NO;
				CLANG_ANALYZER_NONNULL = YES;
				CLANG_ANALYZER_NUMBER_OBJECT_CONVERSION = YES_AGGRESSIVE;
				CLANG_CXX_LANGUAGE_STANDARD = "gnu++0x";
				CLANG_CXX_LIBRARY = "libc++";
				CLANG_ENABLE_MODULES = YES;
				CLANG_ENABLE_OBJC_ARC = YES;
				CLANG_WARN_BOOL_CONVERSION = YES;
				CLANG_WARN_CONSTANT_CONVERSION = YES;
				CLANG_WARN_DIRECT_OBJC_ISA_USAGE = YES_ERROR;
				CLANG_WARN_DOCUMENTATION_COMMENTS = YES;
				CLANG_WARN_EMPTY_BODY = YES;
				CLANG_WARN_ENUM_CONVERSION = YES;
				CLANG_WARN_INFINITE_RECURSION = YES;
				CLANG_WARN_INT_CONVERSION = YES;
				CLANG_WARN_OBJC_ROOT_CLASS = YES_ERROR;
				CLANG_WARN_SUSPICIOUS_MOVE = YES;
				CLANG_WARN_UNREACHABLE_CODE = YES;
				CLANG_WARN__DUPLICATE_METHOD_MATCH = YES;
				CODE_SIGN_IDENTITY = "-";
				COPY_PHASE_STRIP = NO;
				DEBUG_INFORMATION_FORMAT = dwarf;
				ENABLE_STRICT_OBJC_MSGSEND = YES;
				ENABLE_TESTABILITY = YES;
				GCC_C_LANGUAGE_STANDARD = gnu99;
				GCC_DYNAMIC_NO_PIC = NO;
				GCC_NO_COMMON_BLOCKS = YES;
				GCC_OPTIMIZATION_LEVEL = 0;
				GCC_PREPROCESSOR_DEFINITIONS = (
					"DEBUG=1",
					"$(inherited)",
				);
				GCC_WARN_64_TO_32_BIT_CONVERSION = YES;
				GCC_WARN_ABOUT_RETURN_TYPE = YES_ERROR;
				GCC_WARN_UNDECLARED_SELECTOR = YES;
				GCC_WARN_UNINITIALIZED_AUTOS = YES_AGGRESSIVE;
				GCC_WARN_UNUSED_FUNCTION = YES;
				GCC_WARN_UNUSED_VARIABLE = YES;
				MACOSX_DEPLOYMENT_TARGET = 10.12;
				MTL_ENABLE_DEBUG_INFO = YES;
				ONLY_ACTIVE_ARCH = YES;
				SDKROOT = macosx;
				SWIFT_ACTIVE_COMPILATION_CONDITIONS = DEBUG;
				SWIFT_OPTIMIZATION_LEVEL = "-Onone";
			};
			name = Debug;
		};
		F231A6D11F26CF700079DDE2 /* Release */ = {
			isa = XCBuildConfiguration;
			buildSettings = {
				ALWAYS_SEARCH_USER_PATHS = NO;
				CLANG_ANALYZER_NONNULL = YES;
				CLANG_ANALYZER_NUMBER_OBJECT_CONVERSION = YES_AGGRESSIVE;
				CLANG_CXX_LANGUAGE_STANDARD = "gnu++0x";
				CLANG_CXX_LIBRARY = "libc++";
				CLANG_ENABLE_MODULES = YES;
				CLANG_ENABLE_OBJC_ARC = YES;
				CLANG_WARN_BOOL_CONVERSION = YES;
				CLANG_WARN_CONSTANT_CONVERSION = YES;
				CLANG_WARN_DIRECT_OBJC_ISA_USAGE = YES_ERROR;
				CLANG_WARN_DOCUMENTATION_COMMENTS = YES;
				CLANG_WARN_EMPTY_BODY = YES;
				CLANG_WARN_ENUM_CONVERSION = YES;
				CLANG_WARN_INFINITE_RECURSION = YES;
				CLANG_WARN_INT_CONVERSION = YES;
				CLANG_WARN_OBJC_ROOT_CLASS = YES_ERROR;
				CLANG_WARN_SUSPICIOUS_MOVE = YES;
				CLANG_WARN_UNREACHABLE_CODE = YES;
				CLANG_WARN__DUPLICATE_METHOD_MATCH = YES;
				CODE_SIGN_IDENTITY = "-";
				COPY_PHASE_STRIP = NO;
				DEBUG_INFORMATION_FORMAT = "dwarf-with-dsym";
				ENABLE_NS_ASSERTIONS = NO;
				ENABLE_STRICT_OBJC_MSGSEND = YES;
				GCC_C_LANGUAGE_STANDARD = gnu99;
				GCC_NO_COMMON_BLOCKS = YES;
				GCC_WARN_64_TO_32_BIT_CONVERSION = YES;
				GCC_WARN_ABOUT_RETURN_TYPE = YES_ERROR;
				GCC_WARN_UNDECLARED_SELECTOR = YES;
				GCC_WARN_UNINITIALIZED_AUTOS = YES_AGGRESSIVE;
				GCC_WARN_UNUSED_FUNCTION = YES;
				GCC_WARN_UNUSED_VARIABLE = YES;
				MACOSX_DEPLOYMENT_TARGET = 10.12;
				MTL_ENABLE_DEBUG_INFO = NO;
				SDKROOT = macosx;
				SWIFT_OPTIMIZATION_LEVEL = "-Owholemodule";
			};
			name = Release;
		};
		F231A6D31F26CF700079DDE2 /* Debug */ = {
			isa = XCBuildConfiguration;
			buildSettings = {
				ASSETCATALOG_COMPILER_APPICON_NAME = AppIcon;
				COMBINE_HIDPI_IMAGES = YES;
				INFOPLIST_FILE = TimeAnywhere/Info.plist;
				LD_RUNPATH_SEARCH_PATHS = "$(inherited) @executable_path/../Frameworks";
				PRODUCT_BUNDLE_IDENTIFIER = io.github.alexiuce.TimeAnywhere;
				PRODUCT_NAME = "$(TARGET_NAME)";
				SWIFT_VERSION = 3.0;
			};
			name = Debug;
		};
		F231A6D41F26CF700079DDE2 /* Release */ = {
			isa = XCBuildConfiguration;
			buildSettings = {
				ASSETCATALOG_COMPILER_APPICON_NAME = AppIcon;
				COMBINE_HIDPI_IMAGES = YES;
				INFOPLIST_FILE = TimeAnywhere/Info.plist;
				LD_RUNPATH_SEARCH_PATHS = "$(inherited) @executable_path/../Frameworks";
				PRODUCT_BUNDLE_IDENTIFIER = io.github.alexiuce.TimeAnywhere;
				PRODUCT_NAME = "$(TARGET_NAME)";
				SWIFT_VERSION = 3.0;
			};
			name = Release;
		};
/* End XCBuildConfiguration section */

/* Begin XCConfigurationList section */
		F231A6BE1F26CF6F0079DDE2 /* Build configuration list for PBXProject "TimeAnywhere" */ = {
			isa = XCConfigurationList;
			buildConfigurations = (
				F231A6D01F26CF700079DDE2 /* Debug */,
				F231A6D11F26CF700079DDE2 /* Release */,
			);
			defaultConfigurationIsVisible = 0;
			defaultConfigurationName = Release;
		};
		F231A6D21F26CF700079DDE2 /* Build configuration list for PBXNativeTarget "TimeAnywhere" */ = {
			isa = XCConfigurationList;
			buildConfigurations = (
				F231A6D31F26CF700079DDE2 /* Debug */,
				F231A6D41F26CF700079DDE2 /* Release */,
			);
			defaultConfigurationIsVisible = 0;
		};
/* End XCConfigurationList section */
	};
	rootObject = F231A6BB1F26CF6F0079DDE2 /* Project object */;
}
