PODS:
  - MainModule (0.1.0)
  - XCToolModuleKit (0.1.0)

DEPENDENCIES:
  - MainModule
  - XCToolModuleKit

SPEC CHECKSUMS:
  MainModule: e0611e1f7375314186ea1209518a83d613ce822c
  XCToolModuleKit: 47990d06a5fcdc3cf43b99bd9b153f3ee28820b9

PODFILE CHECKSUM: a99286482d325f0ac2618f6a8725cb9b805374e1

COCOAPODS: 1.4.0.beta.2
