// !$*UTF8*$!
{
	archiveVersion = 1;
	classes = {
	};
	objectVersion = 46;
	objects = {

/* Begin PBXBuildFile section */
		F26B3F951F1CA72100B1B348 /* Cycript.framework in Frameworks */ = {isa = PBXBuildFile; fileRef = F26B3F941F1CA72100B1B348 /* Cycript.framework */; };
		F26B3F9A1F1CA78400B1B348 /* JavaScriptCore.framework in Frameworks */ = {isa = PBXBuildFile; fileRef = F26B3F991F1CA78400B1B348 /* JavaScriptCore.framework */; };
		F26B3F9C1F1CA84600B1B348 /* libsqlite3.tbd in Frameworks */ = {isa = PBXBuildFile; fileRef = F26B3F9B1F1CA84600B1B348 /* libsqlite3.tbd */; };
		F26B3F9F1F1CB1E600B1B348 /* libstdc++.6.0.9.tbd in Frameworks */ = {isa = PBXBuildFile; fileRef = F26B3F971F1CA75D00B1B348 /* libstdc++.6.0.9.tbd */; };
		F27EAF0A1F1C5E8400ED337D /* main.m in Sources */ = {isa = PBXBuildFile; fileRef = F27EAF091F1C5E8400ED337D /* main.m */; };
		F27EAF0D1F1C5E8400ED337D /* AppDelegate.m in Sources */ = {isa = PBXBuildFile; fileRef = F27EAF0C1F1C5E8400ED337D /* AppDelegate.m */; };
		F27EAF101F1C5E8400ED337D /* ViewController.m in Sources */ = {isa = PBXBuildFile; fileRef = F27EAF0F1F1C5E8400ED337D /* ViewController.m */; };
		F27EAF131F1C5E8400ED337D /* Main.storyboard in Resources */ = {isa = PBXBuildFile; fileRef = F27EAF111F1C5E8400ED337D /* Main.storyboard */; };
		F27EAF151F1C5E8400ED337D /* Assets.xcassets in Resources */ = {isa = PBXBuildFile; fileRef = F27EAF141F1C5E8400ED337D /* Assets.xcassets */; };
		F27EAF181F1C5E8400ED337D /* LaunchScreen.storyboard in Resources */ = {isa = PBXBuildFile; fileRef = F27EAF161F1C5E8400ED337D /* LaunchScreen.storyboard */; };
/* End PBXBuildFile section */

/* Begin PBXFileReference section */
		F26B3F941F1CA72100B1B348 /* Cycript.framework */ = {isa = PBXFileReference; lastKnownFileType = wrapper.framework; path = Cycript.framework; sourceTree = "<group>"; };
		F26B3F971F1CA75D00B1B348 /* libstdc++.6.0.9.tbd */ = {isa = PBXFileReference; lastKnownFileType = "sourcecode.text-based-dylib-definition"; name = "libstdc++.6.0.9.tbd"; path = "usr/lib/libstdc++.6.0.9.tbd"; sourceTree = SDKROOT; };
		F26B3F991F1CA78400B1B348 /* JavaScriptCore.framework */ = {isa = PBXFileReference; lastKnownFileType = wrapper.framework; name = JavaScriptCore.framework; path = System/Library/Frameworks/JavaScriptCore.framework; sourceTree = SDKROOT; };
		F26B3F9B1F1CA84600B1B348 /* libsqlite3.tbd */ = {isa = PBXFileReference; lastKnownFileType = "sourcecode.text-based-dylib-definition"; name = libsqlite3.tbd; path = usr/lib/libsqlite3.tbd; sourceTree = SDKROOT; };
		F26B3F9D1F1CB1D500B1B348 /* libstdc++.tbd */ = {isa = PBXFileReference; lastKnownFileType = "sourcecode.text-based-dylib-definition"; name = "libstdc++.tbd"; path = "usr/lib/libstdc++.tbd"; sourceTree = SDKROOT; };
		F27EAF051F1C5E8400ED337D /* CyCriptDemo.app */ = {isa = PBXFileReference; explicitFileType = wrapper.application; includeInIndex = 0; path = CyCriptDemo.app; sourceTree = BUILT_PRODUCTS_DIR; };
		F27EAF091F1C5E8400ED337D /* main.m */ = {isa = PBXFileReference; lastKnownFileType = sourcecode.c.objc; path = main.m; sourceTree = "<group>"; };
		F27EAF0B1F1C5E8400ED337D /* AppDelegate.h */ = {isa = PBXFileReference; lastKnownFileType = sourcecode.c.h; path = AppDelegate.h; sourceTree = "<group>"; };
		F27EAF0C1F1C5E8400ED337D /* AppDelegate.m */ = {isa = PBXFileReference; lastKnownFileType = sourcecode.c.objc; path = AppDelegate.m; sourceTree = "<group>"; };
		F27EAF0E1F1C5E8400ED337D /* ViewController.h */ = {isa = PBXFileReference; lastKnownFileType = sourcecode.c.h; path = ViewController.h; sourceTree = "<group>"; };
		F27EAF0F1F1C5E8400ED337D /* ViewController.m */ = {isa = PBXFileReference; lastKnownFileType = sourcecode.c.objc; path = ViewController.m; sourceTree = "<group>"; };
		F27EAF121F1C5E8400ED337D /* Base */ = {isa = PBXFileReference; lastKnownFileType = file.storyboard; name = Base; path = Base.lproj/Main.storyboard; sourceTree = "<group>"; };
		F27EAF141F1C5E8400ED337D /* Assets.xcassets */ = {isa = PBXFileReference; lastKnownFileType = folder.assetcatalog; path = Assets.xcassets; sourceTree = "<group>"; };
		F27EAF171F1C5E8400ED337D /* Base */ = {isa = PBXFileReference; lastKnownFileType = file.storyboard; name = Base; path = Base.lproj/LaunchScreen.storyboard; sourceTree = "<group>"; };
		F27EAF191F1C5E8400ED337D /* Info.plist */ = {isa = PBXFileReference; lastKnownFileType = text.plist.xml; path = Info.plist; sourceTree = "<group>"; };
/* End PBXFileReference section */

/* Begin PBXFrameworksBuildPhase section */
		F27EAF021F1C5E8400ED337D /* Frameworks */ = {
			isa = PBXFrameworksBuildPhase;
			buildActionMask = 2147483647;
			files = (
				F26B3F9F1F1CB1E600B1B348 /* libstdc++.6.0.9.tbd in Frameworks */,
				F26B3F9C1F1CA84600B1B348 /* libsqlite3.tbd in Frameworks */,
				F26B3F9A1F1CA78400B1B348 /* JavaScriptCore.framework in Frameworks */,
				F26B3F951F1CA72100B1B348 /* Cycript.framework in Frameworks */,
			);
			runOnlyForDeploymentPostprocessing = 0;
		};
/* End PBXFrameworksBuildPhase section */

/* Begin PBXGroup section */
		F26B3F961F1CA75D00B1B348 /* Frameworks */ = {
			isa = PBXGroup;
			children = (
				F26B3F9D1F1CB1D500B1B348 /* libstdc++.tbd */,
				F26B3F9B1F1CA84600B1B348 /* libsqlite3.tbd */,
				F26B3F991F1CA78400B1B348 /* JavaScriptCore.framework */,
				F26B3F971F1CA75D00B1B348 /* libstdc++.6.0.9.tbd */,
			);
			name = Frameworks;
			sourceTree = "<group>";
		};
		F27EAEFC1F1C5E8400ED337D = {
			isa = PBXGroup;
			children = (
				F26B3F941F1CA72100B1B348 /* Cycript.framework */,
				F27EAF071F1C5E8400ED337D /* CyCriptDemo */,
				F27EAF061F1C5E8400ED337D /* Products */,
				F26B3F961F1CA75D00B1B348 /* Frameworks */,
			);
			sourceTree = "<group>";
		};
		F27EAF061F1C5E8400ED337D /* Products */ = {
			isa = PBXGroup;
			children = (
				F27EAF051F1C5E8400ED337D /* CyCriptDemo.app */,
			);
			name = Products;
			sourceTree = "<group>";
		};
		F27EAF071F1C5E8400ED337D /* CyCriptDemo */ = {
			isa = PBXGroup;
			children = (
				F27EAF0B1F1C5E8400ED337D /* AppDelegate.h */,
				F27EAF0C1F1C5E8400ED337D /* AppDelegate.m */,
				F27EAF0E1F1C5E8400ED337D /* ViewController.h */,
				F27EAF0F1F1C5E8400ED337D /* ViewController.m */,
				F27EAF111F1C5E8400ED337D /* Main.storyboard */,
				F27EAF141F1C5E8400ED337D /* Assets.xcassets */,
				F27EAF161F1C5E8400ED337D /* LaunchScreen.storyboard */,
				F27EAF191F1C5E8400ED337D /* Info.plist */,
				F27EAF081F1C5E8400ED337D /* Supporting Files */,
			);
			path = CyCriptDemo;
			sourceTree = "<group>";
		};
		F27EAF081F1C5E8400ED337D /* Supporting Files */ = {
			isa = PBXGroup;
			children = (
				F27EAF091F1C5E8400ED337D /* main.m */,
			);
			name = "Supporting Files";
			sourceTree = "<group>";
		};
/* End PBXGroup section */

/* Begin PBXNativeTarget section */
		F27EAF041F1C5E8400ED337D /* CyCriptDemo */ = {
			isa = PBXNativeTarget;
			buildConfigurationList = F27EAF1C1F1C5E8400ED337D /* Build configuration list for PBXNativeTarget "CyCriptDemo" */;
			buildPhases = (
				F27EAF011F1C5E8400ED337D /* Sources */,
				F27EAF021F1C5E8400ED337D /* Frameworks */,
				F27EAF031F1C5E8400ED337D /* Resources */,
			);
			buildRules = (
			);
			dependencies = (
			);
			name = CyCriptDemo;
			productName = CyCriptDemo;
			productReference = F27EAF051F1C5E8400ED337D /* CyCriptDemo.app */;
			productType = "com.apple.product-type.application";
		};
/* End PBXNativeTarget section */

/* Begin PBXProject section */
		F27EAEFD1F1C5E8400ED337D /* Project object */ = {
			isa = PBXProject;
			attributes = {
				LastUpgradeCheck = 0830;
				ORGANIZATIONNAME = "alexiuce ";
				TargetAttributes = {
					F27EAF041F1C5E8400ED337D = {
						CreatedOnToolsVersion = 8.3.3;
						DevelopmentTeam = Z6P4JKNFHR;
						ProvisioningStyle = Automatic;
					};
				};
			};
			buildConfigurationList = F27EAF001F1C5E8400ED337D /* Build configuration list for PBXProject "CyCriptDemo" */;
			compatibilityVersion = "Xcode 3.2";
			developmentRegion = English;
			hasScannedForEncodings = 0;
			knownRegions = (
				en,
				Base,
			);
			mainGroup = F27EAEFC1F1C5E8400ED337D;
			productRefGroup = F27EAF061F1C5E8400ED337D /* Products */;
			projectDirPath = "";
			projectRoot = "";
			targets = (
				F27EAF041F1C5E8400ED337D /* CyCriptDemo */,
			);
		};
/* End PBXProject section */

/* Begin PBXResourcesBuildPhase section */
		F27EAF031F1C5E8400ED337D /* Resources */ = {
			isa = PBXResourcesBuildPhase;
			buildActionMask = 2147483647;
			files = (
				F27EAF181F1C5E8400ED337D /* LaunchScreen.storyboard in Resources */,
				F27EAF151F1C5E8400ED337D /* Assets.xcassets in Resources */,
				F27EAF131F1C5E8400ED337D /* Main.storyboard in Resources */,
			);
			runOnlyForDeploymentPostprocessing = 0;
		};
/* End PBXResourcesBuildPhase section */

/* Begin PBXSourcesBuildPhase section */
		F27EAF011F1C5E8400ED337D /* Sources */ = {
			isa = PBXSourcesBuildPhase;
			buildActionMask = 2147483647;
			files = (
				F27EAF101F1C5E8400ED337D /* ViewController.m in Sources */,
				F27EAF0D1F1C5E8400ED337D /* AppDelegate.m in Sources */,
				F27EAF0A1F1C5E8400ED337D /* main.m in Sources */,
			);
			runOnlyForDeploymentPostprocessing = 0;
		};
/* End PBXSourcesBuildPhase section */

/* Begin PBXVariantGroup section */
		F27EAF111F1C5E8400ED337D /* Main.storyboard */ = {
			isa = PBXVariantGroup;
			children = (
				F27EAF121F1C5E8400ED337D /* Base */,
			);
			name = Main.storyboard;
			sourceTree = "<group>";
		};
		F27EAF161F1C5E8400ED337D /* LaunchScreen.storyboard */ = {
			isa = PBXVariantGroup;
			children = (
				F27EAF171F1C5E8400ED337D /* Base */,
			);
			name = LaunchScreen.storyboard;
			sourceTree = "<group>";
		};
/* End PBXVariantGroup section */

/* Begin XCBuildConfiguration section */
		F27EAF1A1F1C5E8400ED337D /* Debug */ = {
			isa = XCBuildConfiguration;
			buildSettings = {
				ALWAYS_SEARCH_USER_PATHS = NO;
				CLANG_ANALYZER_NONNULL = YES;
				CLANG_ANALYZER_NUMBER_OBJECT_CONVERSION = YES_AGGRESSIVE;
				CLANG_CXX_LANGUAGE_STANDARD = "gnu++0x";
				CLANG_CXX_LIBRARY = "libc++";
				CLANG_ENABLE_MODULES = YES;
				CLANG_ENABLE_OBJC_ARC = YES;
				CLANG_WARN_BOOL_CONVERSION = YES;
				CLANG_WARN_CONSTANT_CONVERSION = YES;
				CLANG_WARN_DIRECT_OBJC_ISA_USAGE = YES_ERROR;
				CLANG_WARN_DOCUMENTATION_COMMENTS = YES;
				CLANG_WARN_EMPTY_BODY = YES;
				CLANG_WARN_ENUM_CONVERSION = YES;
				CLANG_WARN_INFINITE_RECURSION = YES;
				CLANG_WARN_INT_CONVERSION = YES;
				CLANG_WARN_OBJC_ROOT_CLASS = YES_ERROR;
				CLANG_WARN_SUSPICIOUS_MOVE = YES;
				CLANG_WARN_UNREACHABLE_CODE = YES;
				CLANG_WARN__DUPLICATE_METHOD_MATCH = YES;
				"CODE_SIGN_IDENTITY[sdk=iphoneos*]" = "iPhone Developer";
				COPY_PHASE_STRIP = NO;
				DEBUG_INFORMATION_FORMAT = dwarf;
				ENABLE_STRICT_OBJC_MSGSEND = YES;
				ENABLE_TESTABILITY = YES;
				GCC_C_LANGUAGE_STANDARD = gnu99;
				GCC_DYNAMIC_NO_PIC = NO;
				GCC_NO_COMMON_BLOCKS = YES;
				GCC_OPTIMIZATION_LEVEL = 0;
				GCC_PREPROCESSOR_DEFINITIONS = (
					"DEBUG=1",
					"$(inherited)",
				);
				GCC_WARN_64_TO_32_BIT_CONVERSION = YES;
				GCC_WARN_ABOUT_RETURN_TYPE = YES_ERROR;
				GCC_WARN_UNDECLARED_SELECTOR = YES;
				GCC_WARN_UNINITIALIZED_AUTOS = YES_AGGRESSIVE;
				GCC_WARN_UNUSED_FUNCTION = YES;
				GCC_WARN_UNUSED_VARIABLE = YES;
				IPHONEOS_DEPLOYMENT_TARGET = 10.3;
				MTL_ENABLE_DEBUG_INFO = YES;
				ONLY_ACTIVE_ARCH = YES;
				SDKROOT = iphoneos;
				VALID_ARCHS = "armv7s armv7 arm64";
			};
			name = Debug;
		};
		F27EAF1B1F1C5E8400ED337D /* Release */ = {
			isa = XCBuildConfiguration;
			buildSettings = {
				ALWAYS_SEARCH_USER_PATHS = NO;
				CLANG_ANALYZER_NONNULL = YES;
				CLANG_ANALYZER_NUMBER_OBJECT_CONVERSION = YES_AGGRESSIVE;
				CLANG_CXX_LANGUAGE_STANDARD = "gnu++0x";
				CLANG_CXX_LIBRARY = "libc++";
				CLANG_ENABLE_MODULES = YES;
				CLANG_ENABLE_OBJC_ARC = YES;
				CLANG_WARN_BOOL_CONVERSION = YES;
				CLANG_WARN_CONSTANT_CONVERSION = YES;
				CLANG_WARN_DIRECT_OBJC_ISA_USAGE = YES_ERROR;
				CLANG_WARN_DOCUMENTATION_COMMENTS = YES;
				CLANG_WARN_EMPTY_BODY = YES;
				CLANG_WARN_ENUM_CONVERSION = YES;
				CLANG_WARN_INFINITE_RECURSION = YES;
				CLANG_WARN_INT_CONVERSION = YES;
				CLANG_WARN_OBJC_ROOT_CLASS = YES_ERROR;
				CLANG_WARN_SUSPICIOUS_MOVE = YES;
				CLANG_WARN_UNREACHABLE_CODE = YES;
				CLANG_WARN__DUPLICATE_METHOD_MATCH = YES;
				"CODE_SIGN_IDENTITY[sdk=iphoneos*]" = "iPhone Developer";
				COPY_PHASE_STRIP = NO;
				DEBUG_INFORMATION_FORMAT = "dwarf-with-dsym";
				ENABLE_NS_ASSERTIONS = NO;
				ENABLE_STRICT_OBJC_MSGSEND = YES;
				GCC_C_LANGUAGE_STANDARD = gnu99;
				GCC_NO_COMMON_BLOCKS = YES;
				GCC_WARN_64_TO_32_BIT_CONVERSION = YES;
				GCC_WARN_ABOUT_RETURN_TYPE = YES_ERROR;
				GCC_WARN_UNDECLARED_SELECTOR = YES;
				GCC_WARN_UNINITIALIZED_AUTOS = YES_AGGRESSIVE;
				GCC_WARN_UNUSED_FUNCTION = YES;
				GCC_WARN_UNUSED_VARIABLE = YES;
				IPHONEOS_DEPLOYMENT_TARGET = 10.3;
				MTL_ENABLE_DEBUG_INFO = NO;
				SDKROOT = iphoneos;
				VALIDATE_PRODUCT = YES;
			};
			name = Release;
		};
		F27EAF1D1F1C5E8400ED337D /* Debug */ = {
			isa = XCBuildConfiguration;
			buildSettings = {
				ASSETCATALOG_COMPILER_APPICON_NAME = AppIcon;
				CLANG_CXX_LANGUAGE_STANDARD = "gnu++0x";
				CLANG_CXX_LIBRARY = "compiler-default";
				DEVELOPMENT_TEAM = Z6P4JKNFHR;
				ENABLE_BITCODE = NO;
				FRAMEWORK_SEARCH_PATHS = (
					"$(inherited)",
					"$(PROJECT_DIR)",
				);
				INFOPLIST_FILE = CyCriptDemo/Info.plist;
				LD_RUNPATH_SEARCH_PATHS = "$(inherited) @executable_path/Frameworks";
				OTHER_LDFLAGS = "-lstdc++";
				PRODUCT_BUNDLE_IDENTIFIER = io.github.alexiuce.CyCriptDemo;
				PRODUCT_NAME = "$(TARGET_NAME)";
			};
			name = Debug;
		};
		F27EAF1E1F1C5E8400ED337D /* Release */ = {
			isa = XCBuildConfiguration;
			buildSettings = {
				ASSETCATALOG_COMPILER_APPICON_NAME = AppIcon;
				CLANG_CXX_LANGUAGE_STANDARD = "gnu++0x";
				CLANG_CXX_LIBRARY = "compiler-default";
				DEVELOPMENT_TEAM = Z6P4JKNFHR;
				ENABLE_BITCODE = NO;
				FRAMEWORK_SEARCH_PATHS = (
					"$(inherited)",
					"$(PROJECT_DIR)",
				);
				INFOPLIST_FILE = CyCriptDemo/Info.plist;
				LD_RUNPATH_SEARCH_PATHS = "$(inherited) @executable_path/Frameworks";
				OTHER_LDFLAGS = "-lstdc++";
				PRODUCT_BUNDLE_IDENTIFIER = io.github.alexiuce.CyCriptDemo;
				PRODUCT_NAME = "$(TARGET_NAME)";
			};
			name = Release;
		};
/* End XCBuildConfiguration section */

/* Begin XCConfigurationList section */
		F27EAF001F1C5E8400ED337D /* Build configuration list for PBXProject "CyCriptDemo" */ = {
			isa = XCConfigurationList;
			buildConfigurations = (
				F27EAF1A1F1C5E8400ED337D /* Debug */,
				F27EAF1B1F1C5E8400ED337D /* Release */,
			);
			defaultConfigurationIsVisible = 0;
			defaultConfigurationName = Release;
		};
		F27EAF1C1F1C5E8400ED337D /* Build configuration list for PBXNativeTarget "CyCriptDemo" */ = {
			isa = XCConfigurationList;
			buildConfigurations = (
				F27EAF1D1F1C5E8400ED337D /* Debug */,
				F27EAF1E1F1C5E8400ED337D /* Release */,
			);
			defaultConfigurationIsVisible = 0;
			defaultConfigurationName = Release;
		};
/* End XCConfigurationList section */
	};
	rootObject = F27EAEFD1F1C5E8400ED337D /* Project object */;
}
