// !$*UTF8*$!
{
	archiveVersion = 1;
	classes = {
	};
	objectVersion = 46;
	objects = {

/* Begin PBXBuildFile section */
		D8B3FD681F125C45005A8BDC /* AppDelegate.swift in Sources */ = {isa = PBXBuildFile; fileRef = D8B3FD671F125C45005A8BDC /* AppDelegate.swift */; };
		D8B3FD6A1F125C45005A8BDC /* ViewController.swift in Sources */ = {isa = PBXBuildFile; fileRef = D8B3FD691F125C45005A8BDC /* ViewController.swift */; };
		D8B3FD6C1F125C45005A8BDC /* Assets.xcassets in Resources */ = {isa = PBXBuildFile; fileRef = D8B3FD6B1F125C45005A8BDC /* Assets.xcassets */; };
		D8B3FD6F1F125C45005A8BDC /* Main.storyboard in Resources */ = {isa = PBXBuildFile; fileRef = D8B3FD6D1F125C45005A8BDC /* Main.storyboard */; };
		F215F7EC1F13192F00C9FB9F /* RootModel.swift in Sources */ = {isa = PBXBuildFile; fileRef = F215F7EB1F13192F00C9FB9F /* RootModel.swift */; };
		F215F7EE1F131BEC00C9FB9F /* LeafModel.swift in Sources */ = {isa = PBXBuildFile; fileRef = F215F7ED1F131BEC00C9FB9F /* LeafModel.swift */; };
/* End PBXBuildFile section */

/* Begin PBXFileReference section */
		D8B3FD641F125C45005A8BDC /* NSOutlineViewDemo.app */ = {isa = PBXFileReference; explicitFileType = wrapper.application; includeInIndex = 0; path = NSOutlineViewDemo.app; sourceTree = BUILT_PRODUCTS_DIR; };
		D8B3FD671F125C45005A8BDC /* AppDelegate.swift */ = {isa = PBXFileReference; lastKnownFileType = sourcecode.swift; path = AppDelegate.swift; sourceTree = "<group>"; };
		D8B3FD691F125C45005A8BDC /* ViewController.swift */ = {isa = PBXFileReference; lastKnownFileType = sourcecode.swift; path = ViewController.swift; sourceTree = "<group>"; };
		D8B3FD6B1F125C45005A8BDC /* Assets.xcassets */ = {isa = PBXFileReference; lastKnownFileType = folder.assetcatalog; path = Assets.xcassets; sourceTree = "<group>"; };
		D8B3FD6E1F125C45005A8BDC /* Base */ = {isa = PBXFileReference; lastKnownFileType = file.storyboard; name = Base; path = Base.lproj/Main.storyboard; sourceTree = "<group>"; };
		D8B3FD701F125C45005A8BDC /* Info.plist */ = {isa = PBXFileReference; lastKnownFileType = text.plist.xml; path = Info.plist; sourceTree = "<group>"; };
		F215F7EB1F13192F00C9FB9F /* RootModel.swift */ = {isa = PBXFileReference; fileEncoding = 4; lastKnownFileType = sourcecode.swift; path = RootModel.swift; sourceTree = "<group>"; };
		F215F7ED1F131BEC00C9FB9F /* LeafModel.swift */ = {isa = PBXFileReference; fileEncoding = 4; lastKnownFileType = sourcecode.swift; path = LeafModel.swift; sourceTree = "<group>"; };
/* End PBXFileReference section */

/* Begin PBXFrameworksBuildPhase section */
		D8B3FD611F125C45005A8BDC /* Frameworks */ = {
			isa = PBXFrameworksBuildPhase;
			buildActionMask = 2147483647;
			files = (
			);
			runOnlyForDeploymentPostprocessing = 0;
		};
/* End PBXFrameworksBuildPhase section */

/* Begin PBXGroup section */
		D8B3FD5B1F125C45005A8BDC = {
			isa = PBXGroup;
			children = (
				D8B3FD661F125C45005A8BDC /* NSOutlineViewDemo */,
				D8B3FD651F125C45005A8BDC /* Products */,
			);
			sourceTree = "<group>";
		};
		D8B3FD651F125C45005A8BDC /* Products */ = {
			isa = PBXGroup;
			children = (
				D8B3FD641F125C45005A8BDC /* NSOutlineViewDemo.app */,
			);
			name = Products;
			sourceTree = "<group>";
		};
		D8B3FD661F125C45005A8BDC /* NSOutlineViewDemo */ = {
			isa = PBXGroup;
			children = (
				D8B3FD671F125C45005A8BDC /* AppDelegate.swift */,
				D8B3FD691F125C45005A8BDC /* ViewController.swift */,
				F215F7EB1F13192F00C9FB9F /* RootModel.swift */,
				F215F7ED1F131BEC00C9FB9F /* LeafModel.swift */,
				D8B3FD6B1F125C45005A8BDC /* Assets.xcassets */,
				D8B3FD6D1F125C45005A8BDC /* Main.storyboard */,
				D8B3FD701F125C45005A8BDC /* Info.plist */,
			);
			path = NSOutlineViewDemo;
			sourceTree = "<group>";
		};
/* End PBXGroup section */

/* Begin PBXNativeTarget section */
		D8B3FD631F125C45005A8BDC /* NSOutlineViewDemo */ = {
			isa = PBXNativeTarget;
			buildConfigurationList = D8B3FD731F125C45005A8BDC /* Build configuration list for PBXNativeTarget "NSOutlineViewDemo" */;
			buildPhases = (
				D8B3FD601F125C45005A8BDC /* Sources */,
				D8B3FD611F125C45005A8BDC /* Frameworks */,
				D8B3FD621F125C45005A8BDC /* Resources */,
			);
			buildRules = (
			);
			dependencies = (
			);
			name = NSOutlineViewDemo;
			productName = NSOutlineViewDemo;
			productReference = D8B3FD641F125C45005A8BDC /* NSOutlineViewDemo.app */;
			productType = "com.apple.product-type.application";
		};
/* End PBXNativeTarget section */

/* Begin PBXProject section */
		D8B3FD5C1F125C45005A8BDC /* Project object */ = {
			isa = PBXProject;
			attributes = {
				LastSwiftUpdateCheck = 0830;
				LastUpgradeCheck = 0830;
				ORGANIZATIONNAME = Alexcai;
				TargetAttributes = {
					D8B3FD631F125C45005A8BDC = {
						CreatedOnToolsVersion = 8.3.3;
						DevelopmentTeam = Z6P4JKNFHR;
						ProvisioningStyle = Automatic;
					};
				};
			};
			buildConfigurationList = D8B3FD5F1F125C45005A8BDC /* Build configuration list for PBXProject "NSOutlineViewDemo" */;
			compatibilityVersion = "Xcode 3.2";
			developmentRegion = English;
			hasScannedForEncodings = 0;
			knownRegions = (
				en,
				Base,
			);
			mainGroup = D8B3FD5B1F125C45005A8BDC;
			productRefGroup = D8B3FD651F125C45005A8BDC /* Products */;
			projectDirPath = "";
			projectRoot = "";
			targets = (
				D8B3FD631F125C45005A8BDC /* NSOutlineViewDemo */,
			);
		};
/* End PBXProject section */

/* Begin PBXResourcesBuildPhase section */
		D8B3FD621F125C45005A8BDC /* Resources */ = {
			isa = PBXResourcesBuildPhase;
			buildActionMask = 2147483647;
			files = (
				D8B3FD6C1F125C45005A8BDC /* Assets.xcassets in Resources */,
				D8B3FD6F1F125C45005A8BDC /* Main.storyboard in Resources */,
			);
			runOnlyForDeploymentPostprocessing = 0;
		};
/* End PBXResourcesBuildPhase section */

/* Begin PBXSourcesBuildPhase section */
		D8B3FD601F125C45005A8BDC /* Sources */ = {
			isa = PBXSourcesBuildPhase;
			buildActionMask = 2147483647;
			files = (
				F215F7EC1F13192F00C9FB9F /* RootModel.swift in Sources */,
				D8B3FD6A1F125C45005A8BDC /* ViewController.swift in Sources */,
				D8B3FD681F125C45005A8BDC /* AppDelegate.swift in Sources */,
				F215F7EE1F131BEC00C9FB9F /* LeafModel.swift in Sources */,
			);
			runOnlyForDeploymentPostprocessing = 0;
		};
/* End PBXSourcesBuildPhase section */

/* Begin PBXVariantGroup section */
		D8B3FD6D1F125C45005A8BDC /* Main.storyboard */ = {
			isa = PBXVariantGroup;
			children = (
				D8B3FD6E1F125C45005A8BDC /* Base */,
			);
			name = Main.storyboard;
			sourceTree = "<group>";
		};
/* End PBXVariantGroup section */

/* Begin XCBuildConfiguration section */
		D8B3FD711F125C45005A8BDC /* Debug */ = {
			isa = XCBuildConfiguration;
			buildSettings = {
				ALWAYS_SEARCH_USER_PATHS = NO;
				CLANG_ANALYZER_NONNULL = YES;
				CLANG_ANALYZER_NUMBER_OBJECT_CONVERSION = YES_AGGRESSIVE;
				CLANG_CXX_LANGUAGE_STANDARD = "gnu++0x";
				CLANG_CXX_LIBRARY = "libc++";
				CLANG_ENABLE_MODULES = YES;
				CLANG_ENABLE_OBJC_ARC = YES;
				CLANG_WARN_BOOL_CONVERSION = YES;
				CLANG_WARN_CONSTANT_CONVERSION = YES;
				CLANG_WARN_DIRECT_OBJC_ISA_USAGE = YES_ERROR;
				CLANG_WARN_DOCUMENTATION_COMMENTS = YES;
				CLANG_WARN_EMPTY_BODY = YES;
				CLANG_WARN_ENUM_CONVERSION = YES;
				CLANG_WARN_INFINITE_RECURSION = YES;
				CLANG_WARN_INT_CONVERSION = YES;
				CLANG_WARN_OBJC_ROOT_CLASS = YES_ERROR;
				CLANG_WARN_SUSPICIOUS_MOVE = YES;
				CLANG_WARN_UNREACHABLE_CODE = YES;
				CLANG_WARN__DUPLICATE_METHOD_MATCH = YES;
				CODE_SIGN_IDENTITY = "-";
				COPY_PHASE_STRIP = NO;
				DEBUG_INFORMATION_FORMAT = dwarf;
				ENABLE_STRICT_OBJC_MSGSEND = YES;
				ENABLE_TESTABILITY = YES;
				GCC_C_LANGUAGE_STANDARD = gnu99;
				GCC_DYNAMIC_NO_PIC = NO;
				GCC_NO_COMMON_BLOCKS = YES;
				GCC_OPTIMIZATION_LEVEL = 0;
				GCC_PREPROCESSOR_DEFINITIONS = (
					"DEBUG=1",
					"$(inherited)",
				);
				GCC_WARN_64_TO_32_BIT_CONVERSION = YES;
				GCC_WARN_ABOUT_RETURN_TYPE = YES_ERROR;
				GCC_WARN_UNDECLARED_SELECTOR = YES;
				GCC_WARN_UNINITIALIZED_AUTOS = YES_AGGRESSIVE;
				GCC_WARN_UNUSED_FUNCTION = YES;
				GCC_WARN_UNUSED_VARIABLE = YES;
				MACOSX_DEPLOYMENT_TARGET = 10.12;
				MTL_ENABLE_DEBUG_INFO = YES;
				ONLY_ACTIVE_ARCH = YES;
				SDKROOT = macosx;
				SWIFT_ACTIVE_COMPILATION_CONDITIONS = DEBUG;
				SWIFT_OPTIMIZATION_LEVEL = "-Onone";
			};
			name = Debug;
		};
		D8B3FD721F125C45005A8BDC /* Release */ = {
			isa = XCBuildConfiguration;
			buildSettings = {
				ALWAYS_SEARCH_USER_PATHS = NO;
				CLANG_ANALYZER_NONNULL = YES;
				CLANG_ANALYZER_NUMBER_OBJECT_CONVERSION = YES_AGGRESSIVE;
				CLANG_CXX_LANGUAGE_STANDARD = "gnu++0x";
				CLANG_CXX_LIBRARY = "libc++";
				CLANG_ENABLE_MODULES = YES;
				CLANG_ENABLE_OBJC_ARC = YES;
				CLANG_WARN_BOOL_CONVERSION = YES;
				CLANG_WARN_CONSTANT_CONVERSION = YES;
				CLANG_WARN_DIRECT_OBJC_ISA_USAGE = YES_ERROR;
				CLANG_WARN_DOCUMENTATION_COMMENTS = YES;
				CLANG_WARN_EMPTY_BODY = YES;
				CLANG_WARN_ENUM_CONVERSION = YES;
				CLANG_WARN_INFINITE_RECURSION = YES;
				CLANG_WARN_INT_CONVERSION = YES;
				CLANG_WARN_OBJC_ROOT_CLASS = YES_ERROR;
				CLANG_WARN_SUSPICIOUS_MOVE = YES;
				CLANG_WARN_UNREACHABLE_CODE = YES;
				CLANG_WARN__DUPLICATE_METHOD_MATCH = YES;
				CODE_SIGN_IDENTITY = "-";
				COPY_PHASE_STRIP = NO;
				DEBUG_INFORMATION_FORMAT = "dwarf-with-dsym";
				ENABLE_NS_ASSERTIONS = NO;
				ENABLE_STRICT_OBJC_MSGSEND = YES;
				GCC_C_LANGUAGE_STANDARD = gnu99;
				GCC_NO_COMMON_BLOCKS = YES;
				GCC_WARN_64_TO_32_BIT_CONVERSION = YES;
				GCC_WARN_ABOUT_RETURN_TYPE = YES_ERROR;
				GCC_WARN_UNDECLARED_SELECTOR = YES;
				GCC_WARN_UNINITIALIZED_AUTOS = YES_AGGRESSIVE;
				GCC_WARN_UNUSED_FUNCTION = YES;
				GCC_WARN_UNUSED_VARIABLE = YES;
				MACOSX_DEPLOYMENT_TARGET = 10.12;
				MTL_ENABLE_DEBUG_INFO = NO;
				SDKROOT = macosx;
				SWIFT_OPTIMIZATION_LEVEL = "-Owholemodule";
			};
			name = Release;
		};
		D8B3FD741F125C45005A8BDC /* Debug */ = {
			isa = XCBuildConfiguration;
			buildSettings = {
				ASSETCATALOG_COMPILER_APPICON_NAME = AppIcon;
				COMBINE_HIDPI_IMAGES = YES;
				DEVELOPMENT_TEAM = Z6P4JKNFHR;
				INFOPLIST_FILE = NSOutlineViewDemo/Info.plist;
				LD_RUNPATH_SEARCH_PATHS = "$(inherited) @executable_path/../Frameworks";
				PRODUCT_BUNDLE_IDENTIFIER = com.alexiuce.NSOutlineViewDemo;
				PRODUCT_NAME = "$(TARGET_NAME)";
				SWIFT_VERSION = 3.0;
			};
			name = Debug;
		};
		D8B3FD751F125C45005A8BDC /* Release */ = {
			isa = XCBuildConfiguration;
			buildSettings = {
				ASSETCATALOG_COMPILER_APPICON_NAME = AppIcon;
				COMBINE_HIDPI_IMAGES = YES;
				DEVELOPMENT_TEAM = Z6P4JKNFHR;
				INFOPLIST_FILE = NSOutlineViewDemo/Info.plist;
				LD_RUNPATH_SEARCH_PATHS = "$(inherited) @executable_path/../Frameworks";
				PRODUCT_BUNDLE_IDENTIFIER = com.alexiuce.NSOutlineViewDemo;
				PRODUCT_NAME = "$(TARGET_NAME)";
				SWIFT_VERSION = 3.0;
			};
			name = Release;
		};
/* End XCBuildConfiguration section */

/* Begin XCConfigurationList section */
		D8B3FD5F1F125C45005A8BDC /* Build configuration list for PBXProject "NSOutlineViewDemo" */ = {
			isa = XCConfigurationList;
			buildConfigurations = (
				D8B3FD711F125C45005A8BDC /* Debug */,
				D8B3FD721F125C45005A8BDC /* Release */,
			);
			defaultConfigurationIsVisible = 0;
			defaultConfigurationName = Release;
		};
		D8B3FD731F125C45005A8BDC /* Build configuration list for PBXNativeTarget "NSOutlineViewDemo" */ = {
			isa = XCConfigurationList;
			buildConfigurations = (
				D8B3FD741F125C45005A8BDC /* Debug */,
				D8B3FD751F125C45005A8BDC /* Release */,
			);
			defaultConfigurationIsVisible = 0;
			defaultConfigurationName = Release;
		};
/* End XCConfigurationList section */
	};
	rootObject = D8B3FD5C1F125C45005A8BDC /* Project object */;
}
