// !$*UTF8*$!
{
	archiveVersion = 1;
	classes = {
	};
	objectVersion = 46;
	objects = {

/* Begin PBXBuildFile section */
		F23F697F1F5CDD1F0076C0FE /* AppDelegate.swift in Sources */ = {isa = PBXBuildFile; fileRef = F23F697E1F5CDD1F0076C0FE /* AppDelegate.swift */; };
		F23F69811F5CDD200076C0FE /* ViewController.swift in Sources */ = {isa = PBXBuildFile; fileRef = F23F69801F5CDD200076C0FE /* ViewController.swift */; };
		F23F69831F5CDD220076C0FE /* Assets.xcassets in Resources */ = {isa = PBXBuildFile; fileRef = F23F69821F5CDD220076C0FE /* Assets.xcassets */; };
		F23F69861F5CDD230076C0FE /* Main.storyboard in Resources */ = {isa = PBXBuildFile; fileRef = F23F69841F5CDD230076C0FE /* Main.storyboard */; };
		F23F698E1F5CDF1F0076C0FE /* Node.swift in Sources */ = {isa = PBXBuildFile; fileRef = F23F698D1F5CDF1F0076C0FE /* Node.swift */; };
/* End PBXBuildFile section */

/* Begin PBXFileReference section */
		F23F697B1F5CDD1F0076C0FE /* TreeDemo.app */ = {isa = PBXFileReference; explicitFileType = wrapper.application; includeInIndex = 0; path = TreeDemo.app; sourceTree = BUILT_PRODUCTS_DIR; };
		F23F697E1F5CDD1F0076C0FE /* AppDelegate.swift */ = {isa = PBXFileReference; lastKnownFileType = sourcecode.swift; path = AppDelegate.swift; sourceTree = "<group>"; };
		F23F69801F5CDD200076C0FE /* ViewController.swift */ = {isa = PBXFileReference; lastKnownFileType = sourcecode.swift; path = ViewController.swift; sourceTree = "<group>"; };
		F23F69821F5CDD220076C0FE /* Assets.xcassets */ = {isa = PBXFileReference; lastKnownFileType = folder.assetcatalog; path = Assets.xcassets; sourceTree = "<group>"; };
		F23F69851F5CDD230076C0FE /* Base */ = {isa = PBXFileReference; lastKnownFileType = file.storyboard; name = Base; path = Base.lproj/Main.storyboard; sourceTree = "<group>"; };
		F23F69871F5CDD230076C0FE /* Info.plist */ = {isa = PBXFileReference; lastKnownFileType = text.plist.xml; path = Info.plist; sourceTree = "<group>"; };
		F23F698D1F5CDF1F0076C0FE /* Node.swift */ = {isa = PBXFileReference; fileEncoding = 4; lastKnownFileType = sourcecode.swift; path = Node.swift; sourceTree = "<group>"; };
/* End PBXFileReference section */

/* Begin PBXFrameworksBuildPhase section */
		F23F69781F5CDD1F0076C0FE /* Frameworks */ = {
			isa = PBXFrameworksBuildPhase;
			buildActionMask = 2147483647;
			files = (
			);
			runOnlyForDeploymentPostprocessing = 0;
		};
/* End PBXFrameworksBuildPhase section */

/* Begin PBXGroup section */
		F23F69721F5CDD1F0076C0FE = {
			isa = PBXGroup;
			children = (
				F23F697D1F5CDD1F0076C0FE /* TreeDemo */,
				F23F697C1F5CDD1F0076C0FE /* Products */,
			);
			sourceTree = "<group>";
		};
		F23F697C1F5CDD1F0076C0FE /* Products */ = {
			isa = PBXGroup;
			children = (
				F23F697B1F5CDD1F0076C0FE /* TreeDemo.app */,
			);
			name = Products;
			sourceTree = "<group>";
		};
		F23F697D1F5CDD1F0076C0FE /* TreeDemo */ = {
			isa = PBXGroup;
			children = (
				F23F697E1F5CDD1F0076C0FE /* AppDelegate.swift */,
				F23F69801F5CDD200076C0FE /* ViewController.swift */,
				F23F698D1F5CDF1F0076C0FE /* Node.swift */,
				F23F69821F5CDD220076C0FE /* Assets.xcassets */,
				F23F69841F5CDD230076C0FE /* Main.storyboard */,
				F23F69871F5CDD230076C0FE /* Info.plist */,
			);
			path = TreeDemo;
			sourceTree = "<group>";
		};
/* End PBXGroup section */

/* Begin PBXNativeTarget section */
		F23F697A1F5CDD1F0076C0FE /* TreeDemo */ = {
			isa = PBXNativeTarget;
			buildConfigurationList = F23F698A1F5CDD230076C0FE /* Build configuration list for PBXNativeTarget "TreeDemo" */;
			buildPhases = (
				F23F69771F5CDD1F0076C0FE /* Sources */,
				F23F69781F5CDD1F0076C0FE /* Frameworks */,
				F23F69791F5CDD1F0076C0FE /* Resources */,
			);
			buildRules = (
			);
			dependencies = (
			);
			name = TreeDemo;
			productName = TreeDemo;
			productReference = F23F697B1F5CDD1F0076C0FE /* TreeDemo.app */;
			productType = "com.apple.product-type.application";
		};
/* End PBXNativeTarget section */

/* Begin PBXProject section */
		F23F69731F5CDD1F0076C0FE /* Project object */ = {
			isa = PBXProject;
			attributes = {
				LastSwiftUpdateCheck = 0830;
				LastUpgradeCheck = 0830;
				ORGANIZATIONNAME = "alexiuce ";
				TargetAttributes = {
					F23F697A1F5CDD1F0076C0FE = {
						CreatedOnToolsVersion = 8.3.3;
						ProvisioningStyle = Automatic;
					};
				};
			};
			buildConfigurationList = F23F69761F5CDD1F0076C0FE /* Build configuration list for PBXProject "TreeDemo" */;
			compatibilityVersion = "Xcode 3.2";
			developmentRegion = English;
			hasScannedForEncodings = 0;
			knownRegions = (
				en,
				Base,
			);
			mainGroup = F23F69721F5CDD1F0076C0FE;
			productRefGroup = F23F697C1F5CDD1F0076C0FE /* Products */;
			projectDirPath = "";
			projectRoot = "";
			targets = (
				F23F697A1F5CDD1F0076C0FE /* TreeDemo */,
			);
		};
/* End PBXProject section */

/* Begin PBXResourcesBuildPhase section */
		F23F69791F5CDD1F0076C0FE /* Resources */ = {
			isa = PBXResourcesBuildPhase;
			buildActionMask = 2147483647;
			files = (
				F23F69831F5CDD220076C0FE /* Assets.xcassets in Resources */,
				F23F69861F5CDD230076C0FE /* Main.storyboard in Resources */,
			);
			runOnlyForDeploymentPostprocessing = 0;
		};
/* End PBXResourcesBuildPhase section */

/* Begin PBXSourcesBuildPhase section */
		F23F69771F5CDD1F0076C0FE /* Sources */ = {
			isa = PBXSourcesBuildPhase;
			buildActionMask = 2147483647;
			files = (
				F23F698E1F5CDF1F0076C0FE /* Node.swift in Sources */,
				F23F69811F5CDD200076C0FE /* ViewController.swift in Sources */,
				F23F697F1F5CDD1F0076C0FE /* AppDelegate.swift in Sources */,
			);
			runOnlyForDeploymentPostprocessing = 0;
		};
/* End PBXSourcesBuildPhase section */

/* Begin PBXVariantGroup section */
		F23F69841F5CDD230076C0FE /* Main.storyboard */ = {
			isa = PBXVariantGroup;
			children = (
				F23F69851F5CDD230076C0FE /* Base */,
			);
			name = Main.storyboard;
			sourceTree = "<group>";
		};
/* End PBXVariantGroup section */

/* Begin XCBuildConfiguration section */
		F23F69881F5CDD230076C0FE /* Debug */ = {
			isa = XCBuildConfiguration;
			buildSettings = {
				ALWAYS_SEARCH_USER_PATHS = NO;
				CLANG_ANALYZER_NONNULL = YES;
				CLANG_ANALYZER_NUMBER_OBJECT_CONVERSION = YES_AGGRESSIVE;
				CLANG_CXX_LANGUAGE_STANDARD = "gnu++0x";
				CLANG_CXX_LIBRARY = "libc++";
				CLANG_ENABLE_MODULES = YES;
				CLANG_ENABLE_OBJC_ARC = YES;
				CLANG_WARN_BOOL_CONVERSION = YES;
				CLANG_WARN_CONSTANT_CONVERSION = YES;
				CLANG_WARN_DIRECT_OBJC_ISA_USAGE = YES_ERROR;
				CLANG_WARN_DOCUMENTATION_COMMENTS = YES;
				CLANG_WARN_EMPTY_BODY = YES;
				CLANG_WARN_ENUM_CONVERSION = YES;
				CLANG_WARN_INFINITE_RECURSION = YES;
				CLANG_WARN_INT_CONVERSION = YES;
				CLANG_WARN_OBJC_ROOT_CLASS = YES_ERROR;
				CLANG_WARN_SUSPICIOUS_MOVE = YES;
				CLANG_WARN_UNREACHABLE_CODE = YES;
				CLANG_WARN__DUPLICATE_METHOD_MATCH = YES;
				CODE_SIGN_IDENTITY = "-";
				COPY_PHASE_STRIP = NO;
				DEBUG_INFORMATION_FORMAT = dwarf;
				ENABLE_STRICT_OBJC_MSGSEND = YES;
				ENABLE_TESTABILITY = YES;
				GCC_C_LANGUAGE_STANDARD = gnu99;
				GCC_DYNAMIC_NO_PIC = NO;
				GCC_NO_COMMON_BLOCKS = YES;
				GCC_OPTIMIZATION_LEVEL = 0;
				GCC_PREPROCESSOR_DEFINITIONS = (
					"DEBUG=1",
					"$(inherited)",
				);
				GCC_WARN_64_TO_32_BIT_CONVERSION = YES;
				GCC_WARN_ABOUT_RETURN_TYPE = YES_ERROR;
				GCC_WARN_UNDECLARED_SELECTOR = YES;
				GCC_WARN_UNINITIALIZED_AUTOS = YES_AGGRESSIVE;
				GCC_WARN_UNUSED_FUNCTION = YES;
				GCC_WARN_UNUSED_VARIABLE = YES;
				MACOSX_DEPLOYMENT_TARGET = 10.12;
				MTL_ENABLE_DEBUG_INFO = YES;
				ONLY_ACTIVE_ARCH = YES;
				SDKROOT = macosx;
				SWIFT_ACTIVE_COMPILATION_CONDITIONS = DEBUG;
				SWIFT_OPTIMIZATION_LEVEL = "-Onone";
			};
			name = Debug;
		};
		F23F69891F5CDD230076C0FE /* Release */ = {
			isa = XCBuildConfiguration;
			buildSettings = {
				ALWAYS_SEARCH_USER_PATHS = NO;
				CLANG_ANALYZER_NONNULL = YES;
				CLANG_ANALYZER_NUMBER_OBJECT_CONVERSION = YES_AGGRESSIVE;
				CLANG_CXX_LANGUAGE_STANDARD = "gnu++0x";
				CLANG_CXX_LIBRARY = "libc++";
				CLANG_ENABLE_MODULES = YES;
				CLANG_ENABLE_OBJC_ARC = YES;
				CLANG_WARN_BOOL_CONVERSION = YES;
				CLANG_WARN_CONSTANT_CONVERSION = YES;
				CLANG_WARN_DIRECT_OBJC_ISA_USAGE = YES_ERROR;
				CLANG_WARN_DOCUMENTATION_COMMENTS = YES;
				CLANG_WARN_EMPTY_BODY = YES;
				CLANG_WARN_ENUM_CONVERSION = YES;
				CLANG_WARN_INFINITE_RECURSION = YES;
				CLANG_WARN_INT_CONVERSION = YES;
				CLANG_WARN_OBJC_ROOT_CLASS = YES_ERROR;
				CLANG_WARN_SUSPICIOUS_MOVE = YES;
				CLANG_WARN_UNREACHABLE_CODE = YES;
				CLANG_WARN__DUPLICATE_METHOD_MATCH = YES;
				CODE_SIGN_IDENTITY = "-";
				COPY_PHASE_STRIP = NO;
				DEBUG_INFORMATION_FORMAT = "dwarf-with-dsym";
				ENABLE_NS_ASSERTIONS = NO;
				ENABLE_STRICT_OBJC_MSGSEND = YES;
				GCC_C_LANGUAGE_STANDARD = gnu99;
				GCC_NO_COMMON_BLOCKS = YES;
				GCC_WARN_64_TO_32_BIT_CONVERSION = YES;
				GCC_WARN_ABOUT_RETURN_TYPE = YES_ERROR;
				GCC_WARN_UNDECLARED_SELECTOR = YES;
				GCC_WARN_UNINITIALIZED_AUTOS = YES_AGGRESSIVE;
				GCC_WARN_UNUSED_FUNCTION = YES;
				GCC_WARN_UNUSED_VARIABLE = YES;
				MACOSX_DEPLOYMENT_TARGET = 10.12;
				MTL_ENABLE_DEBUG_INFO = NO;
				SDKROOT = macosx;
				SWIFT_OPTIMIZATION_LEVEL = "-Owholemodule";
			};
			name = Release;
		};
		F23F698B1F5CDD230076C0FE /* Debug */ = {
			isa = XCBuildConfiguration;
			buildSettings = {
				ASSETCATALOG_COMPILER_APPICON_NAME = AppIcon;
				COMBINE_HIDPI_IMAGES = YES;
				INFOPLIST_FILE = TreeDemo/Info.plist;
				LD_RUNPATH_SEARCH_PATHS = "$(inherited) @executable_path/../Frameworks";
				PRODUCT_BUNDLE_IDENTIFIER = io.github.alexiuce.TreeDemo;
				PRODUCT_NAME = "$(TARGET_NAME)";
				SWIFT_VERSION = 3.0;
			};
			name = Debug;
		};
		F23F698C1F5CDD230076C0FE /* Release */ = {
			isa = XCBuildConfiguration;
			buildSettings = {
				ASSETCATALOG_COMPILER_APPICON_NAME = AppIcon;
				COMBINE_HIDPI_IMAGES = YES;
				INFOPLIST_FILE = TreeDemo/Info.plist;
				LD_RUNPATH_SEARCH_PATHS = "$(inherited) @executable_path/../Frameworks";
				PRODUCT_BUNDLE_IDENTIFIER = io.github.alexiuce.TreeDemo;
				PRODUCT_NAME = "$(TARGET_NAME)";
				SWIFT_VERSION = 3.0;
			};
			name = Release;
		};
/* End XCBuildConfiguration section */

/* Begin XCConfigurationList section */
		F23F69761F5CDD1F0076C0FE /* Build configuration list for PBXProject "TreeDemo" */ = {
			isa = XCConfigurationList;
			buildConfigurations = (
				F23F69881F5CDD230076C0FE /* Debug */,
				F23F69891F5CDD230076C0FE /* Release */,
			);
			defaultConfigurationIsVisible = 0;
			defaultConfigurationName = Release;
		};
		F23F698A1F5CDD230076C0FE /* Build configuration list for PBXNativeTarget "TreeDemo" */ = {
			isa = XCConfigurationList;
			buildConfigurations = (
				F23F698B1F5CDD230076C0FE /* Debug */,
				F23F698C1F5CDD230076C0FE /* Release */,
			);
			defaultConfigurationIsVisible = 0;
		};
/* End XCConfigurationList section */
	};
	rootObject = F23F69731F5CDD1F0076C0FE /* Project object */;
}
